
Microsoft Visual Studio Solution File, Format Version 12.00
Project("{FAE04EC0-301F-11D3-BF4B-00C04F79EFBC}") = "BallSort.Console", "BallSort.Console\BallSort.Console.csproj", "{B9473866-C418-4D2A-9F97-0217B6C020E7}"
EndProject
Project("{2150E333-8FDC-42A3-9474-1A3956D46DE8}") = "Solution Items", "Solution Items", "{2F0037A7-5F61-422D-8B2B-03574741B509}"
	ProjectSection(SolutionItems) = preProject
		..\LICENSE = ..\LICENSE
		..\README.md = ..\README.md
	EndProjectSection
EndProject
Project("{FAE04EC0-301F-11D3-BF4B-00C04F79EFBC}") = "BallSort.Engine", "BallSort.Engine\BallSort.Engine.csproj", "{B191E0F1-2CE4-44B7-A0AE-88597726EDBD}"
EndProject
Project("{FAE04EC0-301F-11D3-BF4B-00C04F79EFBC}") = "BallSort.Engine.Tests", "BallSort.Engine.Tests\BallSort.Engine.Tests.csproj", "{2BF2B3B4-B7C5-4B43-BACA-327A9B7407CD}"
EndProject
Project("{2150E333-8FDC-42A3-9474-1A3956D46DE8}") = "Workflows", "Workflows", "{4F6E595A-D42B-4469-8608-F245870B7CBE}"
	ProjectSection(SolutionItems) = preProject
		..\.github\workflows\test.yml = ..\.github\workflows\test.yml
	EndProjectSection
EndProject
Project("{2150E333-8FDC-42A3-9474-1A3956D46DE8}") = "Scripts", "Scripts", "{F69D06F5-7B11-4061-87C4-1733E0E85C12}"
	ProjectSection(SolutionItems) = preProject
		..\run-console.sh = ..\run-console.sh
		..\test.sh = ..\test.sh
	EndProjectSection
EndProject
Global
	GlobalSection(SolutionConfigurationPlatforms) = preSolution
		Debug|Any CPU = Debug|Any CPU
		Release|Any CPU = Release|Any CPU
	EndGlobalSection
	GlobalSection(ProjectConfigurationPlatforms) = postSolution
		{B9473866-C418-4D2A-9F97-0217B6C020E7}.Debug|Any CPU.ActiveCfg = Debug|Any CPU
		{B9473866-C418-4D2A-9F97-0217B6C020E7}.Debug|Any CPU.Build.0 = Debug|Any CPU
		{B9473866-C418-4D2A-9F97-0217B6C020E7}.Release|Any CPU.ActiveCfg = Release|Any CPU
		{B9473866-C418-4D2A-9F97-0217B6C020E7}.Release|Any CPU.Build.0 = Release|Any CPU
		{B191E0F1-2CE4-44B7-A0AE-88597726EDBD}.Debug|Any CPU.ActiveCfg = Debug|Any CPU
		{B191E0F1-2CE4-44B7-A0AE-88597726EDBD}.Debug|Any CPU.Build.0 = Debug|Any CPU
		{B191E0F1-2CE4-44B7-A0AE-88597726EDBD}.Release|Any CPU.ActiveCfg = Release|Any CPU
		{B191E0F1-2CE4-44B7-A0AE-88597726EDBD}.Release|Any CPU.Build.0 = Release|Any CPU
		{2BF2B3B4-B7C5-4B43-BACA-327A9B7407CD}.Debug|Any CPU.ActiveCfg = Debug|Any CPU
		{2BF2B3B4-B7C5-4B43-BACA-327A9B7407CD}.Debug|Any CPU.Build.0 = Debug|Any CPU
		{2BF2B3B4-B7C5-4B43-BACA-327A9B7407CD}.Release|Any CPU.ActiveCfg = Release|Any CPU
		{2BF2B3B4-B7C5-4B43-BACA-327A9B7407CD}.Release|Any CPU.Build.0 = Release|Any CPU
	EndGlobalSection
EndGlobal
